{
  "name": "@korusbyanthm/ksrt",
  "version": "0.0.1",
  "lockfileVersion": 2,
  "requires": true,
  "packages": {
    "": {
      "name": "@korusbyanthm/ksrt",
      "version": "0.0.1",
      "license": "GPL-3.0",
      "dependencies": {
        "@korusbyanthm/regex": "^2.1.3",
        "srt-validator": "^6.0.3",
        "srtparsejs": "^1.0.8"
      },
      "devDependencies": {
        "@types/node": "^18.11.18",
        "@types/srtparsejs": "^1.0.0",
        "typescript": "^4.9.4"
      }
    },
    "node_modules/@korusbyanthm/regex": {
      "version": "2.1.3",
      "resolved": "https://registry.npmjs.org/@korusbyanthm/regex/-/regex-2.1.3.tgz",
      "integrity": "sha512-JdZYMnAcxxPpIpoW7QxubTuIBr4OYmLdmSYm6N4H5A99I4ws9GSndMuZcAI7i+Pd/sJ+UcYuEXzRUM8rz7zMbg==",
      "dependencies": {
        "country-data": "^0.0.31",
        "email-regex": "^5.0.0",
        "email-validator": "^2.0.4",
        "password-meter": "^3.9.3",
        "phone": "^3.1.31",
        "phone-regex": "^2.1.0"
      }
    },
    "node_modules/@types/node": {
      "version": "18.11.18",
      "resolved": "https://registry.npmjs.org/@types/node/-/node-18.11.18.tgz",
      "integrity": "sha512-DHQpWGjyQKSHj3ebjFI/wRKcqQcdR+MoFBygntYOZytCqNfkd2ZC4ARDJ2DQqhjH5p85Nnd3jhUJIXrszFX/JA==",
      "dev": true
    },
    "node_modules/@types/srtparsejs": {
      "version": "1.0.0",
      "resolved": "https://registry.npmjs.org/@types/srtparsejs/-/srtparsejs-1.0.0.tgz",
      "integrity": "sha512-IOq8ss4uB12IEpWngZMCDFDOMzPk5YTtisGMSn/+ms0D7dYzSe8N7IsbfRcesAQuBxWYipjuqk74vSzqpY0VSA==",
      "dev": true
    },
    "node_modules/country-data": {
      "version": "0.0.31",
      "resolved": "https://registry.npmjs.org/country-data/-/country-data-0.0.31.tgz",
      "integrity": "sha512-YqlY/i6ikZwoBFfdjK+hJTGaBdTgDpXLI15MCj2UsXZ2cPBb+Kx86AXmDH7PRGt0LUleck0cCgNdWeIhfbcxkQ==",
      "dependencies": {
        "currency-symbol-map": "~2",
        "underscore": ">1.4.4"
      }
    },
    "node_modules/currency-symbol-map": {
      "version": "2.2.0",
      "resolved": "https://registry.npmjs.org/currency-symbol-map/-/currency-symbol-map-2.2.0.tgz",
      "integrity": "sha512-fPZJ3jqM68+AAgqQ7UaGbgHL/39rp6l7GyqS2k1HJPu/kpS8D07x/+Uup6a9tCUKIlOFcRrDCf1qxSt8jnI5BA=="
    },
    "node_modules/email-regex": {
      "version": "5.0.0",
      "resolved": "https://registry.npmjs.org/email-regex/-/email-regex-5.0.0.tgz",
      "integrity": "sha512-he76Cm8JFxb6OGQHabLBPdsiStgPmJeAEhctmw0uhonUh1pCBsHpI6/rB62s2GNzjBb0YlhIcF/1l9Lp5AfH0Q==",
      "engines": {
        "node": ">=12"
      },
      "funding": {
        "url": "https://github.com/sponsors/sindresorhus"
      }
    },
    "node_modules/email-validator": {
      "version": "2.0.4",
      "resolved": "https://registry.npmjs.org/email-validator/-/email-validator-2.0.4.tgz",
      "integrity": "sha512-gYCwo7kh5S3IDyZPLZf6hSS0MnZT8QmJFqYvbqlDZSbwdZlY6QZWxJ4i/6UhITOJ4XzyI647Bm2MXKCLqnJ4nQ==",
      "engines": {
        "node": ">4.0"
      }
    },
    "node_modules/password-meter": {
      "version": "3.9.3",
      "resolved": "https://registry.npmjs.org/password-meter/-/password-meter-3.9.3.tgz",
      "integrity": "sha512-S0TSkXZ4w6B/ykYPJR3mRuJCz2c73kPub7C0o02dgcmpB6fX0hikewpmWxqRbwuvBHcJXfC8+D7g/Qq/eBrv9g==",
      "engines": {
        "node": ">=12",
        "npm": ">=6"
      }
    },
    "node_modules/phone": {
      "version": "3.1.32",
      "resolved": "https://registry.npmjs.org/phone/-/phone-3.1.32.tgz",
      "integrity": "sha512-kT89uAqNr8sEXjv/2NDzp2Kpb/BQ5bTzHMLZFwUnqDnDBaObcO3qLzQ030tDlhxZrFVUd+EIq8pie5/L8SNVrQ==",
      "engines": {
        "node": ">=12"
      }
    },
    "node_modules/phone-regex": {
      "version": "2.1.0",
      "resolved": "https://registry.npmjs.org/phone-regex/-/phone-regex-2.1.0.tgz",
      "integrity": "sha512-9lXTghLpr/jU6Dx9JIacAUt3Hl7qVucW8+Iqwx99dvFSO9imlB2xvY6IyT6Sw554QTtHMnhvPUygGaN5k0pv9Q=="
    },
    "node_modules/srt-validator": {
      "version": "6.0.3",
      "resolved": "https://registry.npmjs.org/srt-validator/-/srt-validator-6.0.3.tgz",
      "integrity": "sha512-drJvQLTKrS6/TnSPtOxlLwS0u50Wl6m+nBTDfwIhzn4WD89y1WxxvvC7x4Euh4O0QTXFZksmOZWJaWTJENvj7w==",
      "engines": {
        "node": ">= 12.22.0"
      }
    },
    "node_modules/srtparsejs": {
      "version": "1.0.8",
      "resolved": "https://registry.npmjs.org/srtparsejs/-/srtparsejs-1.0.8.tgz",
      "integrity": "sha512-xXyMHb8XWIFEYaLYa/RqXOXYdpxnk5VdonBEuv0CRfOxS8FVVeo4ZfPeUuhL3IRUQPClUxTI2oKPC0comyIPOA=="
    },
    "node_modules/typescript": {
      "version": "4.9.4",
      "resolved": "https://registry.npmjs.org/typescript/-/typescript-4.9.4.tgz",
      "integrity": "sha512-Uz+dTXYzxXXbsFpM86Wh3dKCxrQqUcVMxwU54orwlJjOpO3ao8L7j5lH+dWfTwgCwIuM9GQ2kvVotzYJMXTBZg==",
      "dev": true,
      "bin": {
        "tsc": "bin/tsc",
        "tsserver": "bin/tsserver"
      },
      "engines": {
        "node": ">=4.2.0"
      }
    },
    "node_modules/underscore": {
      "version": "1.13.6",
      "resolved": "https://registry.npmjs.org/underscore/-/underscore-1.13.6.tgz",
      "integrity": "sha512-+A5Sja4HP1M08MaXya7p5LvjuM7K6q/2EaC0+iovj/wOcMsTzMvDFbasi/oSapiwOlt252IqsKqPjCl7huKS0A=="
    }
  },
  "dependencies": {
    "@korusbyanthm/regex": {
      "version": "2.1.3",
      "resolved": "https://registry.npmjs.org/@korusbyanthm/regex/-/regex-2.1.3.tgz",
      "integrity": "sha512-JdZYMnAcxxPpIpoW7QxubTuIBr4OYmLdmSYm6N4H5A99I4ws9GSndMuZcAI7i+Pd/sJ+UcYuEXzRUM8rz7zMbg==",
      "requires": {
        "country-data": "^0.0.31",
        "email-regex": "^5.0.0",
        "email-validator": "^2.0.4",
        "password-meter": "^3.9.3",
        "phone": "^3.1.31",
        "phone-regex": "^2.1.0"
      }
    },
    "@types/node": {
      "version": "18.11.18",
      "resolved": "https://registry.npmjs.org/@types/node/-/node-18.11.18.tgz",
      "integrity": "sha512-DHQpWGjyQKSHj3ebjFI/wRKcqQcdR+MoFBygntYOZytCqNfkd2ZC4ARDJ2DQqhjH5p85Nnd3jhUJIXrszFX/JA==",
      "dev": true
    },
    "@types/srtparsejs": {
      "version": "1.0.0",
      "resolved": "https://registry.npmjs.org/@types/srtparsejs/-/srtparsejs-1.0.0.tgz",
      "integrity": "sha512-IOq8ss4uB12IEpWngZMCDFDOMzPk5YTtisGMSn/+ms0D7dYzSe8N7IsbfRcesAQuBxWYipjuqk74vSzqpY0VSA==",
      "dev": true
    },
    "country-data": {
      "version": "0.0.31",
      "resolved": "https://registry.npmjs.org/country-data/-/country-data-0.0.31.tgz",
      "integrity": "sha512-YqlY/i6ikZwoBFfdjK+hJTGaBdTgDpXLI15MCj2UsXZ2cPBb+Kx86AXmDH7PRGt0LUleck0cCgNdWeIhfbcxkQ==",
      "requires": {
        "currency-symbol-map": "~2",
        "underscore": ">1.4.4"
      }
    },
    "currency-symbol-map": {
      "version": "2.2.0",
      "resolved": "https://registry.npmjs.org/currency-symbol-map/-/currency-symbol-map-2.2.0.tgz",
      "integrity": "sha512-fPZJ3jqM68+AAgqQ7UaGbgHL/39rp6l7GyqS2k1HJPu/kpS8D07x/+Uup6a9tCUKIlOFcRrDCf1qxSt8jnI5BA=="
    },
    "email-regex": {
      "version": "5.0.0",
      "resolved": "https://registry.npmjs.org/email-regex/-/email-regex-5.0.0.tgz",
      "integrity": "sha512-he76Cm8JFxb6OGQHabLBPdsiStgPmJeAEhctmw0uhonUh1pCBsHpI6/rB62s2GNzjBb0YlhIcF/1l9Lp5AfH0Q=="
    },
    "email-validator": {
      "version": "2.0.4",
      "resolved": "https://registry.npmjs.org/email-validator/-/email-validator-2.0.4.tgz",
      "integrity": "sha512-gYCwo7kh5S3IDyZPLZf6hSS0MnZT8QmJFqYvbqlDZSbwdZlY6QZWxJ4i/6UhITOJ4XzyI647Bm2MXKCLqnJ4nQ=="
    },
    "password-meter": {
      "version": "3.9.3",
      "resolved": "https://registry.npmjs.org/password-meter/-/password-meter-3.9.3.tgz",
      "integrity": "sha512-S0TSkXZ4w6B/ykYPJR3mRuJCz2c73kPub7C0o02dgcmpB6fX0hikewpmWxqRbwuvBHcJXfC8+D7g/Qq/eBrv9g=="
    },
    "phone": {
      "version": "3.1.32",
      "resolved": "https://registry.npmjs.org/phone/-/phone-3.1.32.tgz",
      "integrity": "sha512-kT89uAqNr8sEXjv/2NDzp2Kpb/BQ5bTzHMLZFwUnqDnDBaObcO3qLzQ030tDlhxZrFVUd+EIq8pie5/L8SNVrQ=="
    },
    "phone-regex": {
      "version": "2.1.0",
      "resolved": "https://registry.npmjs.org/phone-regex/-/phone-regex-2.1.0.tgz",
      "integrity": "sha512-9lXTghLpr/jU6Dx9JIacAUt3Hl7qVucW8+Iqwx99dvFSO9imlB2xvY6IyT6Sw554QTtHMnhvPUygGaN5k0pv9Q=="
    },
    "srt-validator": {
      "version": "6.0.3",
      "resolved": "https://registry.npmjs.org/srt-validator/-/srt-validator-6.0.3.tgz",
      "integrity": "sha512-drJvQLTKrS6/TnSPtOxlLwS0u50Wl6m+nBTDfwIhzn4WD89y1WxxvvC7x4Euh4O0QTXFZksmOZWJaWTJENvj7w=="
    },
    "srtparsejs": {
      "version": "1.0.8",
      "resolved": "https://registry.npmjs.org/srtparsejs/-/srtparsejs-1.0.8.tgz",
      "integrity": "sha512-xXyMHb8XWIFEYaLYa/RqXOXYdpxnk5VdonBEuv0CRfOxS8FVVeo4ZfPeUuhL3IRUQPClUxTI2oKPC0comyIPOA=="
    },
    "typescript": {
      "version": "4.9.4",
      "resolved": "https://registry.npmjs.org/typescript/-/typescript-4.9.4.tgz",
      "integrity": "sha512-Uz+dTXYzxXXbsFpM86Wh3dKCxrQqUcVMxwU54orwlJjOpO3ao8L7j5lH+dWfTwgCwIuM9GQ2kvVotzYJMXTBZg==",
      "dev": true
    },
    "underscore": {
      "version": "1.13.6",
      "resolved": "https://registry.npmjs.org/underscore/-/underscore-1.13.6.tgz",
      "integrity": "sha512-+A5Sja4HP1M08MaXya7p5LvjuM7K6q/2EaC0+iovj/wOcMsTzMvDFbasi/oSapiwOlt252IqsKqPjCl7huKS0A=="
    }
  }
}
